
Microsoft Visual Studio Solution File, Format Version 12.00
# Visual Studio Version 17
VisualStudioVersion = 17.13.35825.156 d17.13
MinimumVisualStudioVersion = 10.0.40219.1
Project("{FAE04EC0-301F-11D3-BF4B-00C04F79EFBC}") = "khserver", "khserver.csproj", "{EF26893B-6E57-9548-FC3E-AF7CB86E3843}"
EndProject
Global
	GlobalSection(SolutionConfigurationPlatforms) = preSolution
		Debug|Any CPU = Debug|Any CPU
		Release|Any CPU = Release|Any CPU
	EndGlobalSection
	GlobalSection(ProjectConfigurationPlatforms) = postSolution
		{EF26893B-6E57-9548-FC3E-AF7CB86E3843}.Debug|Any CPU.ActiveCfg = Debug|Any CPU
		{EF26893B-6E57-9548-FC3E-AF7CB86E3843}.Debug|Any CPU.Build.0 = Debug|Any CPU
		{EF26893B-6E57-9548-FC3E-AF7CB86E3843}.Release|Any CPU.ActiveCfg = Release|Any CPU
		{EF26893B-6E57-9548-FC3E-AF7CB86E3843}.Release|Any CPU.Build.0 = Release|Any CPU
	EndGlobalSection
	GlobalSection(SolutionProperties) = preSolution
		HideSolutionNode = FALSE
	EndGlobalSection
	GlobalSection(ExtensibilityGlobals) = postSolution
		SolutionGuid = {66D6FAE4-C3FA-4ED5-A88A-125FE3E8B398}
	EndGlobalSection
EndGlobal
